
Microsoft Visual Studio Solution File, Format Version 12.00
# Visual Studio Version 17
VisualStudioVersion = 17.0.31903.59
MinimumVisualStudioVersion = 10.0.40219.1
Project("{FAE04EC0-301F-11D3-BF4B-00C04F79EFBC}") = "TextSearch", "TextSearch\TextSearch.csproj", "{736A053A-5271-4EFD-AB19-46CCF338A089}"
EndProject
Project("{FAE04EC0-301F-11D3-BF4B-00C04F79EFBC}") = "TextSearch.Tests", "TextSearch.Tests\TextSearch.Tests.csproj", "{BB1F38C1-B987-4209-ACD7-5E0942F9FCCA}"
EndProject
Global
	GlobalSection(SolutionConfigurationPlatforms) = preSolution
		Debug|Any CPU = Debug|Any CPU
		Release|Any CPU = Release|Any CPU
	EndGlobalSection
	GlobalSection(SolutionProperties) = preSolution
		HideSolutionNode = FALSE
	EndGlobalSection
	GlobalSection(ProjectConfigurationPlatforms) = postSolution
		{736A053A-5271-4EFD-AB19-46CCF338A089}.Debug|Any CPU.ActiveCfg = Debug|Any CPU
		{736A053A-5271-4EFD-AB19-46CCF338A089}.Debug|Any CPU.Build.0 = Debug|Any CPU
		{736A053A-5271-4EFD-AB19-46CCF338A089}.Release|Any CPU.ActiveCfg = Release|Any CPU
		{736A053A-5271-4EFD-AB19-46CCF338A089}.Release|Any CPU.Build.0 = Release|Any CPU
		{BB1F38C1-B987-4209-ACD7-5E0942F9FCCA}.Debug|Any CPU.ActiveCfg = Debug|Any CPU
		{BB1F38C1-B987-4209-ACD7-5E0942F9FCCA}.Debug|Any CPU.Build.0 = Debug|Any CPU
		{BB1F38C1-B987-4209-ACD7-5E0942F9FCCA}.Release|Any CPU.ActiveCfg = Release|Any CPU
		{BB1F38C1-B987-4209-ACD7-5E0942F9FCCA}.Release|Any CPU.Build.0 = Release|Any CPU
	EndGlobalSection
EndGlobal
